
Microsoft Visual Studio Solution File, Format Version 12.00
# Visual Studio Version 17
VisualStudioVersion = 17.8.34322.80
MinimumVisualStudioVersion = 10.0.40219.1
Project("{FAE04EC0-301F-11D3-BF4B-00C04F79EFBC}") = "CVEWebCrawler", "CVEWebCrawler\CVEWebCrawler.csproj", "{6580DCAB-ACBA-4C93-941E-3DE74BFC14AF}"
EndProject
Global
	GlobalSection(SolutionConfigurationPlatforms) = preSolution
		Debug|Any CPU = Debug|Any CPU
		Release|Any CPU = Release|Any CPU
	EndGlobalSection
	GlobalSection(ProjectConfigurationPlatforms) = postSolution
		{6580DCAB-ACBA-4C93-941E-3DE74BFC14AF}.Debug|Any CPU.ActiveCfg = Debug|Any CPU
		{6580DCAB-ACBA-4C93-941E-3DE74BFC14AF}.Debug|Any CPU.Build.0 = Debug|Any CPU
		{6580DCAB-ACBA-4C93-941E-3DE74BFC14AF}.Release|Any CPU.ActiveCfg = Release|Any CPU
		{6580DCAB-ACBA-4C93-941E-3DE74BFC14AF}.Release|Any CPU.Build.0 = Release|Any CPU
	EndGlobalSection
	GlobalSection(SolutionProperties) = preSolution
		HideSolutionNode = FALSE
	EndGlobalSection
	GlobalSection(ExtensibilityGlobals) = postSolution
		SolutionGuid = {10315EA8-6021-4D64-9022-D51FFE630944}
	EndGlobalSection
EndGlobal
